// !$*UTF8*$!
{
	archiveVersion = 1;
	classes = {
	};
	objectVersion = 46;
	objects = {

/* Begin PBXBuildFile section */
		3310EF751A87BF8A005CF236 /* AppDelegate.swift in Sources */ = {isa = PBXBuildFile; fileRef = 3310EF741A87BF8A005CF236 /* AppDelegate.swift */; };
		3310EF771A87BF8A005CF236 /* ViewController.swift in Sources */ = {isa = PBXBuildFile; fileRef = 3310EF761A87BF8A005CF236 /* ViewController.swift */; };
		3310EF7A1A87BF8A005CF236 /* Main.storyboard in Resources */ = {isa = PBXBuildFile; fileRef = 3310EF781A87BF8A005CF236 /* Main.storyboard */; };
		3310EF7C1A87BF8A005CF236 /* Images.xcassets in Resources */ = {isa = PBXBuildFile; fileRef = 3310EF7B1A87BF8A005CF236 /* Images.xcassets */; };
		3310EF7F1A87BF8A005CF236 /* LaunchScreen.xib in Resources */ = {isa = PBXBuildFile; fileRef = 3310EF7D1A87BF8A005CF236 /* LaunchScreen.xib */; };
		3310EF8B1A87BF8A005CF236 /* TicTacToeTests.swift in Sources */ = {isa = PBXBuildFile; fileRef = 3310EF8A1A87BF8A005CF236 /* TicTacToeTests.swift */; };
		3310EF971A87C9F2005CF236 /* TTTEngine.swift in Sources */ = {isa = PBXBuildFile; fileRef = 3310EF961A87C9F2005CF236 /* TTTEngine.swift */; };
		3310EF981A87DA8E005CF236 /* TTTEngine.swift in Sources */ = {isa = PBXBuildFile; fileRef = 3310EF961A87C9F2005CF236 /* TTTEngine.swift */; };
		337963C71A885A5F0049E306 /* InterfaceController.swift in Sources */ = {isa = PBXBuildFile; fileRef = 337963C61A885A5F0049E306 /* InterfaceController.swift */; };
		337963C91A885A5F0049E306 /* Images.xcassets in Resources */ = {isa = PBXBuildFile; fileRef = 337963C81A885A5F0049E306 /* Images.xcassets */; };
		337963CD1A885A5F0049E306 /* TicTacToe WatchKit App.app in Resources */ = {isa = PBXBuildFile; fileRef = 337963CC1A885A5F0049E306 /* TicTacToe WatchKit App.app */; };
		337963D51A885A5F0049E306 /* Interface.storyboard in Resources */ = {isa = PBXBuildFile; fileRef = 337963D31A885A5F0049E306 /* Interface.storyboard */; };
		337963D71A885A5F0049E306 /* Images.xcassets in Resources */ = {isa = PBXBuildFile; fileRef = 337963D61A885A5F0049E306 /* Images.xcassets */; };
		337963DA1A885A5F0049E306 /* TicTacToe WatchKit Extension.appex in Embed App Extensions */ = {isa = PBXBuildFile; fileRef = 337963C21A885A5F0049E306 /* TicTacToe WatchKit Extension.appex */; settings = {ATTRIBUTES = (RemoveHeadersOnCopy, ); }; };
/* End PBXBuildFile section */

/* Begin PBXContainerItemProxy section */
		3310EF851A87BF8A005CF236 /* PBXContainerItemProxy */ = {
			isa = PBXContainerItemProxy;
			containerPortal = 3310EF671A87BF8A005CF236 /* Project object */;
			proxyType = 1;
			remoteGlobalIDString = 3310EF6E1A87BF8A005CF236;
			remoteInfo = TicTacToe;
		};
		337963CE1A885A5F0049E306 /* PBXContainerItemProxy */ = {
			isa = PBXContainerItemProxy;
			containerPortal = 3310EF671A87BF8A005CF236 /* Project object */;
			proxyType = 1;
			remoteGlobalIDString = 337963CB1A885A5F0049E306;
			remoteInfo = "TicTacToe WatchKit App";
		};
		337963D81A885A5F0049E306 /* PBXContainerItemProxy */ = {
			isa = PBXContainerItemProxy;
			containerPortal = 3310EF671A87BF8A005CF236 /* Project object */;
			proxyType = 1;
			remoteGlobalIDString = 337963C11A885A5F0049E306;
			remoteInfo = "TicTacToe WatchKit Extension";
		};
/* End PBXContainerItemProxy section */

/* Begin PBXCopyFilesBuildPhase section */
		337963E11A885A5F0049E306 /* Embed App Extensions */ = {
			isa = PBXCopyFilesBuildPhase;
			buildActionMask = 2147483647;
			dstPath = "";
			dstSubfolderSpec = 13;
			files = (
				337963DA1A885A5F0049E306 /* TicTacToe WatchKit Extension.appex in Embed App Extensions */,
			);
			name = "Embed App Extensions";
			runOnlyForDeploymentPostprocessing = 0;
		};
/* End PBXCopyFilesBuildPhase section */

/* Begin PBXFileReference section */
		3310EF6F1A87BF8A005CF236 /* TicTacToe.app */ = {isa = PBXFileReference; explicitFileType = wrapper.application; includeInIndex = 0; path = TicTacToe.app; sourceTree = BUILT_PRODUCTS_DIR; };
		3310EF731A87BF8A005CF236 /* Info.plist */ = {isa = PBXFileReference; lastKnownFileType = text.plist.xml; path = Info.plist; sourceTree = "<group>"; };
		3310EF741A87BF8A005CF236 /* AppDelegate.swift */ = {isa = PBXFileReference; lastKnownFileType = sourcecode.swift; path = AppDelegate.swift; sourceTree = "<group>"; };
		3310EF761A87BF8A005CF236 /* ViewController.swift */ = {isa = PBXFileReference; lastKnownFileType = sourcecode.swift; path = ViewController.swift; sourceTree = "<group>"; };
		3310EF791A87BF8A005CF236 /* Base */ = {isa = PBXFileReference; lastKnownFileType = file.storyboard; name = Base; path = Base.lproj/Main.storyboard; sourceTree = "<group>"; };
		3310EF7B1A87BF8A005CF236 /* Images.xcassets */ = {isa = PBXFileReference; lastKnownFileType = folder.assetcatalog; path = Images.xcassets; sourceTree = "<group>"; };
		3310EF7E1A87BF8A005CF236 /* Base */ = {isa = PBXFileReference; lastKnownFileType = file.xib; name = Base; path = Base.lproj/LaunchScreen.xib; sourceTree = "<group>"; };
		3310EF841A87BF8A005CF236 /* TicTacToeTests.xctest */ = {isa = PBXFileReference; explicitFileType = wrapper.cfbundle; includeInIndex = 0; path = TicTacToeTests.xctest; sourceTree = BUILT_PRODUCTS_DIR; };
		3310EF891A87BF8A005CF236 /* Info.plist */ = {isa = PBXFileReference; lastKnownFileType = text.plist.xml; path = Info.plist; sourceTree = "<group>"; };
		3310EF8A1A87BF8A005CF236 /* TicTacToeTests.swift */ = {isa = PBXFileReference; lastKnownFileType = sourcecode.swift; path = TicTacToeTests.swift; sourceTree = "<group>"; };
		3310EF961A87C9F2005CF236 /* TTTEngine.swift */ = {isa = PBXFileReference; fileEncoding = 4; lastKnownFileType = sourcecode.swift; path = TTTEngine.swift; sourceTree = "<group>"; };
		337963C21A885A5F0049E306 /* TicTacToe WatchKit Extension.appex */ = {isa = PBXFileReference; explicitFileType = "wrapper.app-extension"; includeInIndex = 0; path = "TicTacToe WatchKit Extension.appex"; sourceTree = BUILT_PRODUCTS_DIR; };
		337963C51A885A5F0049E306 /* Info.plist */ = {isa = PBXFileReference; lastKnownFileType = text.plist.xml; path = Info.plist; sourceTree = "<group>"; };
		337963C61A885A5F0049E306 /* InterfaceController.swift */ = {isa = PBXFileReference; lastKnownFileType = sourcecode.swift; path = InterfaceController.swift; sourceTree = "<group>"; };
		337963C81A885A5F0049E306 /* Images.xcassets */ = {isa = PBXFileReference; lastKnownFileType = folder.assetcatalog; path = Images.xcassets; sourceTree = "<group>"; };
		337963CC1A885A5F0049E306 /* TicTacToe WatchKit App.app */ = {isa = PBXFileReference; explicitFileType = wrapper.application; includeInIndex = 0; path = "TicTacToe WatchKit App.app"; sourceTree = BUILT_PRODUCTS_DIR; };
		337963D21A885A5F0049E306 /* Info.plist */ = {isa = PBXFileReference; lastKnownFileType = text.plist.xml; path = Info.plist; sourceTree = "<group>"; };
		337963D41A885A5F0049E306 /* Base */ = {isa = PBXFileReference; lastKnownFileType = file.storyboard; name = Base; path = Base.lproj/Interface.storyboard; sourceTree = "<group>"; };
		337963D61A885A5F0049E306 /* Images.xcassets */ = {isa = PBXFileReference; lastKnownFileType = folder.assetcatalog; path = Images.xcassets; sourceTree = "<group>"; };
/* End PBXFileReference section */

/* Begin PBXFrameworksBuildPhase section */
		3310EF6C1A87BF8A005CF236 /* Frameworks */ = {
			isa = PBXFrameworksBuildPhase;
			buildActionMask = 2147483647;
			files = (
			);
			runOnlyForDeploymentPostprocessing = 0;
		};
		3310EF811A87BF8A005CF236 /* Frameworks */ = {
			isa = PBXFrameworksBuildPhase;
			buildActionMask = 2147483647;
			files = (
			);
			runOnlyForDeploymentPostprocessing = 0;
		};
		337963BF1A885A5F0049E306 /* Frameworks */ = {
			isa = PBXFrameworksBuildPhase;
			buildActionMask = 2147483647;
			files = (
			);
			runOnlyForDeploymentPostprocessing = 0;
		};
/* End PBXFrameworksBuildPhase section */

/* Begin PBXGroup section */
		3310EF661A87BF8A005CF236 = {
			isa = PBXGroup;
			children = (
				3310EF711A87BF8A005CF236 /* TicTacToe */,
				3310EF871A87BF8A005CF236 /* TicTacToeTests */,
				337963C31A885A5F0049E306 /* TicTacToe WatchKit Extension */,
				337963D01A885A5F0049E306 /* TicTacToe WatchKit App */,
				3310EF701A87BF8A005CF236 /* Products */,
			);
			sourceTree = "<group>";
		};
		3310EF701A87BF8A005CF236 /* Products */ = {
			isa = PBXGroup;
			children = (
				3310EF6F1A87BF8A005CF236 /* TicTacToe.app */,
				3310EF841A87BF8A005CF236 /* TicTacToeTests.xctest */,
				337963C21A885A5F0049E306 /* TicTacToe WatchKit Extension.appex */,
				337963CC1A885A5F0049E306 /* TicTacToe WatchKit App.app */,
			);
			name = Products;
			sourceTree = "<group>";
		};
		3310EF711A87BF8A005CF236 /* TicTacToe */ = {
			isa = PBXGroup;
			children = (
				3310EF741A87BF8A005CF236 /* AppDelegate.swift */,
				3310EF761A87BF8A005CF236 /* ViewController.swift */,
				3310EF781A87BF8A005CF236 /* Main.storyboard */,
				3310EF7B1A87BF8A005CF236 /* Images.xcassets */,
				3310EF7D1A87BF8A005CF236 /* LaunchScreen.xib */,
				3310EF721A87BF8A005CF236 /* Supporting Files */,
				3310EF961A87C9F2005CF236 /* TTTEngine.swift */,
			);
			path = TicTacToe;
			sourceTree = "<group>";
		};
		3310EF721A87BF8A005CF236 /* Supporting Files */ = {
			isa = PBXGroup;
			children = (
				3310EF731A87BF8A005CF236 /* Info.plist */,
			);
			name = "Supporting Files";
			sourceTree = "<group>";
		};
		3310EF871A87BF8A005CF236 /* TicTacToeTests */ = {
			isa = PBXGroup;
			children = (
				3310EF8A1A87BF8A005CF236 /* TicTacToeTests.swift */,
				3310EF881A87BF8A005CF236 /* Supporting Files */,
			);
			path = TicTacToeTests;
			sourceTree = "<group>";
		};
		3310EF881A87BF8A005CF236 /* Supporting Files */ = {
			isa = PBXGroup;
			children = (
				3310EF891A87BF8A005CF236 /* Info.plist */,
			);
			name = "Supporting Files";
			sourceTree = "<group>";
		};
		337963C31A885A5F0049E306 /* TicTacToe WatchKit Extension */ = {
			isa = PBXGroup;
			children = (
				337963C61A885A5F0049E306 /* InterfaceController.swift */,
				337963C81A885A5F0049E306 /* Images.xcassets */,
				337963C41A885A5F0049E306 /* Supporting Files */,
			);
			path = "TicTacToe WatchKit Extension";
			sourceTree = "<group>";
		};
		337963C41A885A5F0049E306 /* Supporting Files */ = {
			isa = PBXGroup;
			children = (
				337963C51A885A5F0049E306 /* Info.plist */,
			);
			name = "Supporting Files";
			sourceTree = "<group>";
		};
		337963D01A885A5F0049E306 /* TicTacToe WatchKit App */ = {
			isa = PBXGroup;
			children = (
				337963D31A885A5F0049E306 /* Interface.storyboard */,
				337963D61A885A5F0049E306 /* Images.xcassets */,
				337963D11A885A5F0049E306 /* Supporting Files */,
			);
			path = "TicTacToe WatchKit App";
			sourceTree = "<group>";
		};
		337963D11A885A5F0049E306 /* Supporting Files */ = {
			isa = PBXGroup;
			children = (
				337963D21A885A5F0049E306 /* Info.plist */,
			);
			name = "Supporting Files";
			sourceTree = "<group>";
		};
/* End PBXGroup section */

/* Begin PBXNativeTarget section */
		3310EF6E1A87BF8A005CF236 /* TicTacToe */ = {
			isa = PBXNativeTarget;
			buildConfigurationList = 3310EF8E1A87BF8A005CF236 /* Build configuration list for PBXNativeTarget "TicTacToe" */;
			buildPhases = (
				3310EF6B1A87BF8A005CF236 /* Sources */,
				3310EF6C1A87BF8A005CF236 /* Frameworks */,
				3310EF6D1A87BF8A005CF236 /* Resources */,
				337963E11A885A5F0049E306 /* Embed App Extensions */,
			);
			buildRules = (
			);
			dependencies = (
				337963D91A885A5F0049E306 /* PBXTargetDependency */,
			);
			name = TicTacToe;
			productName = TicTacToe;
			productReference = 3310EF6F1A87BF8A005CF236 /* TicTacToe.app */;
			productType = "com.apple.product-type.application";
		};
		3310EF831A87BF8A005CF236 /* TicTacToeTests */ = {
			isa = PBXNativeTarget;
			buildConfigurationList = 3310EF911A87BF8A005CF236 /* Build configuration list for PBXNativeTarget "TicTacToeTests" */;
			buildPhases = (
				3310EF801A87BF8A005CF236 /* Sources */,
				3310EF811A87BF8A005CF236 /* Frameworks */,
				3310EF821A87BF8A005CF236 /* Resources */,
			);
			buildRules = (
			);
			dependencies = (
				3310EF861A87BF8A005CF236 /* PBXTargetDependency */,
			);
			name = TicTacToeTests;
			productName = TicTacToeTests;
			productReference = 3310EF841A87BF8A005CF236 /* TicTacToeTests.xctest */;
			productType = "com.apple.product-type.bundle.unit-test";
		};
		337963C11A885A5F0049E306 /* TicTacToe WatchKit Extension */ = {
			isa = PBXNativeTarget;
			buildConfigurationList = 337963DE1A885A5F0049E306 /* Build configuration list for PBXNativeTarget "TicTacToe WatchKit Extension" */;
			buildPhases = (
				337963BE1A885A5F0049E306 /* Sources */,
				337963BF1A885A5F0049E306 /* Frameworks */,
				337963C01A885A5F0049E306 /* Resources */,
			);
			buildRules = (
			);
			dependencies = (
				337963CF1A885A5F0049E306 /* PBXTargetDependency */,
			);
			name = "TicTacToe WatchKit Extension";
			productName = "TicTacToe WatchKit Extension";
			productReference = 337963C21A885A5F0049E306 /* TicTacToe WatchKit Extension.appex */;
			productType = "com.apple.product-type.watchkit-extension";
		};
		337963CB1A885A5F0049E306 /* TicTacToe WatchKit App */ = {
			isa = PBXNativeTarget;
			buildConfigurationList = 337963DB1A885A5F0049E306 /* Build configuration list for PBXNativeTarget "TicTacToe WatchKit App" */;
			buildPhases = (
				337963CA1A885A5F0049E306 /* Resources */,
			);
			buildRules = (
			);
			dependencies = (
			);
			name = "TicTacToe WatchKit App";
			productName = "TicTacToe WatchKit App";
			productReference = 337963CC1A885A5F0049E306 /* TicTacToe WatchKit App.app */;
			productType = "com.apple.product-type.application.watchapp";
		};
/* End PBXNativeTarget section */

/* Begin PBXProject section */
		3310EF671A87BF8A005CF236 /* Project object */ = {
			isa = PBXProject;
			attributes = {
				LastUpgradeCheck = 0610;
				ORGANIZATIONNAME = "Broad Reach Software";
				TargetAttributes = {
					3310EF6E1A87BF8A005CF236 = {
						CreatedOnToolsVersion = 6.1.1;
					};
					3310EF831A87BF8A005CF236 = {
						CreatedOnToolsVersion = 6.1.1;
						TestTargetID = 3310EF6E1A87BF8A005CF236;
					};
					337963C11A885A5F0049E306 = {
						CreatedOnToolsVersion = 6.2;
					};
					337963CB1A885A5F0049E306 = {
						CreatedOnToolsVersion = 6.2;
					};
				};
			};
			buildConfigurationList = 3310EF6A1A87BF8A005CF236 /* Build configuration list for PBXProject "TicTacToe" */;
			compatibilityVersion = "Xcode 3.2";
			developmentRegion = English;
			hasScannedForEncodings = 0;
			knownRegions = (
				en,
				Base,
			);
			mainGroup = 3310EF661A87BF8A005CF236;
			productRefGroup = 3310EF701A87BF8A005CF236 /* Products */;
			projectDirPath = "";
			projectRoot = "";
			targets = (
				3310EF6E1A87BF8A005CF236 /* TicTacToe */,
				3310EF831A87BF8A005CF236 /* TicTacToeTests */,
				337963C11A885A5F0049E306 /* TicTacToe WatchKit Extension */,
				337963CB1A885A5F0049E306 /* TicTacToe WatchKit App */,
			);
		};
/* End PBXProject section */

/* Begin PBXResourcesBuildPhase section */
		3310EF6D1A87BF8A005CF236 /* Resources */ = {
			isa = PBXResourcesBuildPhase;
			buildActionMask = 2147483647;
			files = (
				3310EF7A1A87BF8A005CF236 /* Main.storyboard in Resources */,
				3310EF7F1A87BF8A005CF236 /* LaunchScreen.xib in Resources */,
				3310EF7C1A87BF8A005CF236 /* Images.xcassets in Resources */,
			);
			runOnlyForDeploymentPostprocessing = 0;
		};
		3310EF821A87BF8A005CF236 /* Resources */ = {
			isa = PBXResourcesBuildPhase;
			buildActionMask = 2147483647;
			files = (
			);
			runOnlyForDeploymentPostprocessing = 0;
		};
		337963C01A885A5F0049E306 /* Resources */ = {
			isa = PBXResourcesBuildPhase;
			buildActionMask = 2147483647;
			files = (
				337963C91A885A5F0049E306 /* Images.xcassets in Resources */,
				337963CD1A885A5F0049E306 /* TicTacToe WatchKit App.app in Resources */,
			);
			runOnlyForDeploymentPostprocessing = 0;
		};
		337963CA1A885A5F0049E306 /* Resources */ = {
			isa = PBXResourcesBuildPhase;
			buildActionMask = 2147483647;
			files = (
				337963D51A885A5F0049E306 /* Interface.storyboard in Resources */,
				337963D71A885A5F0049E306 /* Images.xcassets in Resources */,
			);
			runOnlyForDeploymentPostprocessing = 0;
		};
/* End PBXResourcesBuildPhase section */

/* Begin PBXSourcesBuildPhase section */
		3310EF6B1A87BF8A005CF236 /* Sources */ = {
			isa = PBXSourcesBuildPhase;
			buildActionMask = 2147483647;
			files = (
				3310EF771A87BF8A005CF236 /* ViewController.swift in Sources */,
				3310EF971A87C9F2005CF236 /* TTTEngine.swift in Sources */,
				3310EF751A87BF8A005CF236 /* AppDelegate.swift in Sources */,
			);
			runOnlyForDeploymentPostprocessing = 0;
		};
		3310EF801A87BF8A005CF236 /* Sources */ = {
			isa = PBXSourcesBuildPhase;
			buildActionMask = 2147483647;
			files = (
				3310EF981A87DA8E005CF236 /* TTTEngine.swift in Sources */,
				3310EF8B1A87BF8A005CF236 /* TicTacToeTests.swift in Sources */,
			);
			runOnlyForDeploymentPostprocessing = 0;
		};
		337963BE1A885A5F0049E306 /* Sources */ = {
			isa = PBXSourcesBuildPhase;
			buildActionMask = 2147483647;
			files = (
				337963C71A885A5F0049E306 /* InterfaceController.swift in Sources */,
			);
			runOnlyForDeploymentPostprocessing = 0;
		};
/* End PBXSourcesBuildPhase section */

/* Begin PBXTargetDependency section */
		3310EF861A87BF8A005CF236 /* PBXTargetDependency */ = {
			isa = PBXTargetDependency;
			target = 3310EF6E1A87BF8A005CF236 /* TicTacToe */;
			targetProxy = 3310EF851A87BF8A005CF236 /* PBXContainerItemProxy */;
		};
		337963CF1A885A5F0049E306 /* PBXTargetDependency */ = {
			isa = PBXTargetDependency;
			target = 337963CB1A885A5F0049E306 /* TicTacToe WatchKit App */;
			targetProxy = 337963CE1A885A5F0049E306 /* PBXContainerItemProxy */;
		};
		337963D91A885A5F0049E306 /* PBXTargetDependency */ = {
			isa = PBXTargetDependency;
			target = 337963C11A885A5F0049E306 /* TicTacToe WatchKit Extension */;
			targetProxy = 337963D81A885A5F0049E306 /* PBXContainerItemProxy */;
		};
/* End PBXTargetDependency section */

/* Begin PBXVariantGroup section */
		3310EF781A87BF8A005CF236 /* Main.storyboard */ = {
			isa = PBXVariantGroup;
			children = (
				3310EF791A87BF8A005CF236 /* Base */,
			);
			name = Main.storyboard;
			sourceTree = "<group>";
		};
		3310EF7D1A87BF8A005CF236 /* LaunchScreen.xib */ = {
			isa = PBXVariantGroup;
			children = (
				3310EF7E1A87BF8A005CF236 /* Base */,
			);
			name = LaunchScreen.xib;
			sourceTree = "<group>";
		};
		337963D31A885A5F0049E306 /* Interface.storyboard */ = {
			isa = PBXVariantGroup;
			children = (
				337963D41A885A5F0049E306 /* Base */,
			);
			name = Interface.storyboard;
			sourceTree = "<group>";
		};
/* End PBXVariantGroup section */

/* Begin XCBuildConfiguration section */
		3310EF8C1A87BF8A005CF236 /* Debug */ = {
			isa = XCBuildConfiguration;
			buildSettings = {
				ALWAYS_SEARCH_USER_PATHS = NO;
				CLANG_CXX_LANGUAGE_STANDARD = "gnu++0x";
				CLANG_CXX_LIBRARY = "libc++";
				CLANG_ENABLE_MODULES = YES;
				CLANG_ENABLE_OBJC_ARC = YES;
				CLANG_WARN_BOOL_CONVERSION = YES;
				CLANG_WARN_CONSTANT_CONVERSION = YES;
				CLANG_WARN_DIRECT_OBJC_ISA_USAGE = YES_ERROR;
				CLANG_WARN_EMPTY_BODY = YES;
				CLANG_WARN_ENUM_CONVERSION = YES;
				CLANG_WARN_INT_CONVERSION = YES;
				CLANG_WARN_OBJC_ROOT_CLASS = YES_ERROR;
				CLANG_WARN_UNREACHABLE_CODE = YES;
				CLANG_WARN__DUPLICATE_METHOD_MATCH = YES;
				"CODE_SIGN_IDENTITY[sdk=iphoneos*]" = "iPhone Developer";
				COPY_PHASE_STRIP = NO;
				ENABLE_STRICT_OBJC_MSGSEND = YES;
				GCC_C_LANGUAGE_STANDARD = gnu99;
				GCC_DYNAMIC_NO_PIC = NO;
				GCC_OPTIMIZATION_LEVEL = 0;
				GCC_PREPROCESSOR_DEFINITIONS = (
					"DEBUG=1",
					"$(inherited)",
				);
				GCC_SYMBOLS_PRIVATE_EXTERN = NO;
				GCC_WARN_64_TO_32_BIT_CONVERSION = YES;
				GCC_WARN_ABOUT_RETURN_TYPE = YES_ERROR;
				GCC_WARN_UNDECLARED_SELECTOR = YES;
				GCC_WARN_UNINITIALIZED_AUTOS = YES_AGGRESSIVE;
				GCC_WARN_UNUSED_FUNCTION = YES;
				GCC_WARN_UNUSED_VARIABLE = YES;
				IPHONEOS_DEPLOYMENT_TARGET = 8.1;
				MTL_ENABLE_DEBUG_INFO = YES;
				ONLY_ACTIVE_ARCH = YES;
				SDKROOT = iphoneos;
				SWIFT_OPTIMIZATION_LEVEL = "-Onone";
				TARGETED_DEVICE_FAMILY = 2;
			};
			name = Debug;
		};
		3310EF8D1A87BF8A005CF236 /* Release */ = {
			isa = XCBuildConfiguration;
			buildSettings = {
				ALWAYS_SEARCH_USER_PATHS = NO;
				CLANG_CXX_LANGUAGE_STANDARD = "gnu++0x";
				CLANG_CXX_LIBRARY = "libc++";
				CLANG_ENABLE_MODULES = YES;
				CLANG_ENABLE_OBJC_ARC = YES;
				CLANG_WARN_BOOL_CONVERSION = YES;
				CLANG_WARN_CONSTANT_CONVERSION = YES;
				CLANG_WARN_DIRECT_OBJC_ISA_USAGE = YES_ERROR;
				CLANG_WARN_EMPTY_BODY = YES;
				CLANG_WARN_ENUM_CONVERSION = YES;
				CLANG_WARN_INT_CONVERSION = YES;
				CLANG_WARN_OBJC_ROOT_CLASS = YES_ERROR;
				CLANG_WARN_UNREACHABLE_CODE = YES;
				CLANG_WARN__DUPLICATE_METHOD_MATCH = YES;
				"CODE_SIGN_IDENTITY[sdk=iphoneos*]" = "iPhone Developer";
				COPY_PHASE_STRIP = YES;
				ENABLE_NS_ASSERTIONS = NO;
				ENABLE_STRICT_OBJC_MSGSEND = YES;
				GCC_C_LANGUAGE_STANDARD = gnu99;
				GCC_WARN_64_TO_32_BIT_CONVERSION = YES;
				GCC_WARN_ABOUT_RETURN_TYPE = YES_ERROR;
				GCC_WARN_UNDECLARED_SELECTOR = YES;
				GCC_WARN_UNINITIALIZED_AUTOS = YES_AGGRESSIVE;
				GCC_WARN_UNUSED_FUNCTION = YES;
				GCC_WARN_UNUSED_VARIABLE = YES;
				IPHONEOS_DEPLOYMENT_TARGET = 8.1;
				MTL_ENABLE_DEBUG_INFO = NO;
				SDKROOT = iphoneos;
				TARGETED_DEVICE_FAMILY = 2;
				VALIDATE_PRODUCT = YES;
			};
			name = Release;
		};
		3310EF8F1A87BF8A005CF236 /* Debug */ = {
			isa = XCBuildConfiguration;
			buildSettings = {
				ASSETCATALOG_COMPILER_APPICON_NAME = AppIcon;
				EMBEDDED_CONTENT_CONTAINS_SWIFT = YES;
				INFOPLIST_FILE = TicTacToe/Info.plist;
				LD_RUNPATH_SEARCH_PATHS = "$(inherited) @executable_path/Frameworks";
				PRODUCT_NAME = "$(TARGET_NAME)";
				TARGETED_DEVICE_FAMILY = "1,2";
			};
			name = Debug;
		};
		3310EF901A87BF8A005CF236 /* Release */ = {
			isa = XCBuildConfiguration;
			buildSettings = {
				ASSETCATALOG_COMPILER_APPICON_NAME = AppIcon;
				EMBEDDED_CONTENT_CONTAINS_SWIFT = YES;
				INFOPLIST_FILE = TicTacToe/Info.plist;
				LD_RUNPATH_SEARCH_PATHS = "$(inherited) @executable_path/Frameworks";
				PRODUCT_NAME = "$(TARGET_NAME)";
				TARGETED_DEVICE_FAMILY = "1,2";
			};
			name = Release;
		};
		3310EF921A87BF8A005CF236 /* Debug */ = {
			isa = XCBuildConfiguration;
			buildSettings = {
				BUNDLE_LOADER = "$(TEST_HOST)";
				FRAMEWORK_SEARCH_PATHS = (
					"$(SDKROOT)/Developer/Library/Frameworks",
					"$(inherited)",
				);
				GCC_PREPROCESSOR_DEFINITIONS = (
					"DEBUG=1",
					"$(inherited)",
				);
				INFOPLIST_FILE = TicTacToeTests/Info.plist;
				LD_RUNPATH_SEARCH_PATHS = "$(inherited) @executable_path/Frameworks @loader_path/Frameworks";
				PRODUCT_NAME = "$(TARGET_NAME)";
				TEST_HOST = "$(BUILT_PRODUCTS_DIR)/TicTacToe.app/TicTacToe";
			};
			name = Debug;
		};
		3310EF931A87BF8A005CF236 /* Release */ = {
			isa = XCBuildConfiguration;
			buildSettings = {
				BUNDLE_LOADER = "$(TEST_HOST)";
				FRAMEWORK_SEARCH_PATHS = (
					"$(SDKROOT)/Developer/Library/Frameworks",
					"$(inherited)",
				);
				INFOPLIST_FILE = TicTacToeTests/Info.plist;
				LD_RUNPATH_SEARCH_PATHS = "$(inherited) @executable_path/Frameworks @loader_path/Frameworks";
				PRODUCT_NAME = "$(TARGET_NAME)";
				TEST_HOST = "$(BUILT_PRODUCTS_DIR)/TicTacToe.app/TicTacToe";
			};
			name = Release;
		};
		337963DC1A885A5F0049E306 /* Debug */ = {
			isa = XCBuildConfiguration;
			buildSettings = {
				ASSETCATALOG_COMPILER_APPICON_NAME = AppIcon;
				GCC_PREPROCESSOR_DEFINITIONS = (
					"DEBUG=1",
					"$(inherited)",
				);
				IBSC_MODULE = TicTacToe_WatchKit_Extension;
				INFOPLIST_FILE = "TicTacToe WatchKit App/Info.plist";
				IPHONEOS_DEPLOYMENT_TARGET = 8.2;
				PRODUCT_NAME = "$(TARGET_NAME)";
				SKIP_INSTALL = YES;
				TARGETED_DEVICE_FAMILY = 4;
				"TARGETED_DEVICE_FAMILY[sdk=iphonesimulator*]" = "1,4";
			};
			name = Debug;
		};
		337963DD1A885A5F0049E306 /* Release */ = {
			isa = XCBuildConfiguration;
			buildSettings = {
				ASSETCATALOG_COMPILER_APPICON_NAME = AppIcon;
				COPY_PHASE_STRIP = NO;
				IBSC_MODULE = TicTacToe_WatchKit_Extension;
				INFOPLIST_FILE = "TicTacToe WatchKit App/Info.plist";
				IPHONEOS_DEPLOYMENT_TARGET = 8.2;
				PRODUCT_NAME = "$(TARGET_NAME)";
				SKIP_INSTALL = YES;
				TARGETED_DEVICE_FAMILY = 4;
				"TARGETED_DEVICE_FAMILY[sdk=iphonesimulator*]" = "1,4";
			};
			name = Release;
		};
		337963DF1A885A5F0049E306 /* Debug */ = {
			isa = XCBuildConfiguration;
			buildSettings = {
				GCC_PREPROCESSOR_DEFINITIONS = (
					"DEBUG=1",
					"$(inherited)",
				);
				INFOPLIST_FILE = "TicTacToe WatchKit Extension/Info.plist";
				IPHONEOS_DEPLOYMENT_TARGET = 8.2;
				LD_RUNPATH_SEARCH_PATHS = "$(inherited) @executable_path/Frameworks @executable_path/../../Frameworks";
				PRODUCT_NAME = "${TARGET_NAME}";
				SKIP_INSTALL = YES;
			};
			name = Debug;
		};
		337963E01A885A5F0049E306 /* Release */ = {
			isa = XCBuildConfiguration;
			buildSettings = {
				COPY_PHASE_STRIP = NO;
				INFOPLIST_FILE = "TicTacToe WatchKit Extension/Info.plist";
				IPHONEOS_DEPLOYMENT_TARGET = 8.2;
				LD_RUNPATH_SEARCH_PATHS = "$(inherited) @executable_path/Frameworks @executable_path/../../Frameworks";
				PRODUCT_NAME = "${TARGET_NAME}";
				SKIP_INSTALL = YES;
			};
			name = Release;
		};
/* End XCBuildConfiguration section */

/* Begin XCConfigurationList section */
		3310EF6A1A87BF8A005CF236 /* Build configuration list for PBXProject "TicTacToe" */ = {
			isa = XCConfigurationList;
			buildConfigurations = (
				3310EF8C1A87BF8A005CF236 /* Debug */,
				3310EF8D1A87BF8A005CF236 /* Release */,
			);
			defaultConfigurationIsVisible = 0;
			defaultConfigurationName = Release;
		};
		3310EF8E1A87BF8A005CF236 /* Build configuration list for PBXNativeTarget "TicTacToe" */ = {
			isa = XCConfigurationList;
			buildConfigurations = (
				3310EF8F1A87BF8A005CF236 /* Debug */,
				3310EF901A87BF8A005CF236 /* Release */,
			);
			defaultConfigurationIsVisible = 0;
			defaultConfigurationName = Release;
		};
		3310EF911A87BF8A005CF236 /* Build configuration list for PBXNativeTarget "TicTacToeTests" */ = {
			isa = XCConfigurationList;
			buildConfigurations = (
				3310EF921A87BF8A005CF236 /* Debug */,
				3310EF931A87BF8A005CF236 /* Release */,
			);
			defaultConfigurationIsVisible = 0;
			defaultConfigurationName = Release;
		};
		337963DB1A885A5F0049E306 /* Build configuration list for PBXNativeTarget "TicTacToe WatchKit App" */ = {
			isa = XCConfigurationList;
			buildConfigurations = (
				337963DC1A885A5F0049E306 /* Debug */,
				337963DD1A885A5F0049E306 /* Release */,
			);
			defaultConfigurationIsVisible = 0;
		};
		337963DE1A885A5F0049E306 /* Build configuration list for PBXNativeTarget "TicTacToe WatchKit Extension" */ = {
			isa = XCConfigurationList;
			buildConfigurations = (
				337963DF1A885A5F0049E306 /* Debug */,
				337963E01A885A5F0049E306 /* Release */,
			);
			defaultConfigurationIsVisible = 0;
		};
/* End XCConfigurationList section */
	};
	rootObject = 3310EF671A87BF8A005CF236 /* Project object */;
}
